// !$*UTF8*$!
{
	archiveVersion = 1;
	classes = {
	};
	objectVersion = 55;
	objects = {

/* Begin PBXBuildFile section */
		CF021C35283BCE2300C2D596 /* RotationMatchingOrientationApp.swift in Sources */ = {isa = PBXBuildFile; fileRef = CF021C34283BCE2300C2D596 /* RotationMatchingOrientationApp.swift */; };
		CF021C37283BCE2300C2D596 /* ContentView.swift in Sources */ = {isa = PBXBuildFile; fileRef = CF021C36283BCE2300C2D596 /* ContentView.swift */; };
		CF021C39283BCE2400C2D596 /* Assets.xcassets in Resources */ = {isa = PBXBuildFile; fileRef = CF021C38283BCE2400C2D596 /* Assets.xcassets */; };
		CF021C3C283BCE2400C2D596 /* Preview Assets.xcassets in Resources */ = {isa = PBXBuildFile; fileRef = CF021C3B283BCE2400C2D596 /* Preview Assets.xcassets */; };
		CF021C46283BCE3300C2D596 /* UIDeviceOrientation-extension.swift in Sources */ = {isa = PBXBuildFile; fileRef = CF021C43283BCE3300C2D596 /* UIDeviceOrientation-extension.swift */; };
		CF021C47283BCE3300C2D596 /* RotationMatchingOrientationViewModifier.swift in Sources */ = {isa = PBXBuildFile; fileRef = CF021C44283BCE3300C2D596 /* RotationMatchingOrientationViewModifier.swift */; };
		CF021C48283BCE3300C2D596 /* InfoDictionary.swift in Sources */ = {isa = PBXBuildFile; fileRef = CF021C45283BCE3300C2D596 /* InfoDictionary.swift */; };
		CF021C4A283BCE4300C2D596 /* RotationMatchingOrientationExample.swift in Sources */ = {isa = PBXBuildFile; fileRef = CF021C49283BCE4300C2D596 /* RotationMatchingOrientationExample.swift */; };
		CF021C4C283BDA3800C2D596 /* InterfaceOrientation-extension.swift in Sources */ = {isa = PBXBuildFile; fileRef = CF021C4B283BDA3800C2D596 /* InterfaceOrientation-extension.swift */; };
/* End PBXBuildFile section */

/* Begin PBXFileReference section */
		CF021C31283BCE2300C2D596 /* RotationMatchingOrientation.app */ = {isa = PBXFileReference; explicitFileType = wrapper.application; includeInIndex = 0; path = RotationMatchingOrientation.app; sourceTree = BUILT_PRODUCTS_DIR; };
		CF021C34283BCE2300C2D596 /* RotationMatchingOrientationApp.swift */ = {isa = PBXFileReference; lastKnownFileType = sourcecode.swift; path = RotationMatchingOrientationApp.swift; sourceTree = "<group>"; };
		CF021C36283BCE2300C2D596 /* ContentView.swift */ = {isa = PBXFileReference; lastKnownFileType = sourcecode.swift; path = ContentView.swift; sourceTree = "<group>"; };
		CF021C38283BCE2400C2D596 /* Assets.xcassets */ = {isa = PBXFileReference; lastKnownFileType = folder.assetcatalog; path = Assets.xcassets; sourceTree = "<group>"; };
		CF021C3B283BCE2400C2D596 /* Preview Assets.xcassets */ = {isa = PBXFileReference; lastKnownFileType = folder.assetcatalog; path = "Preview Assets.xcassets"; sourceTree = "<group>"; };
		CF021C43283BCE3300C2D596 /* UIDeviceOrientation-extension.swift */ = {isa = PBXFileReference; fileEncoding = 4; lastKnownFileType = sourcecode.swift; path = "UIDeviceOrientation-extension.swift"; sourceTree = "<group>"; };
		CF021C44283BCE3300C2D596 /* RotationMatchingOrientationViewModifier.swift */ = {isa = PBXFileReference; fileEncoding = 4; lastKnownFileType = sourcecode.swift; path = RotationMatchingOrientationViewModifier.swift; sourceTree = "<group>"; };
		CF021C45283BCE3300C2D596 /* InfoDictionary.swift */ = {isa = PBXFileReference; fileEncoding = 4; lastKnownFileType = sourcecode.swift; path = InfoDictionary.swift; sourceTree = "<group>"; };
		CF021C49283BCE4300C2D596 /* RotationMatchingOrientationExample.swift */ = {isa = PBXFileReference; fileEncoding = 4; lastKnownFileType = sourcecode.swift; path = RotationMatchingOrientationExample.swift; sourceTree = "<group>"; };
		CF021C4B283BDA3800C2D596 /* InterfaceOrientation-extension.swift */ = {isa = PBXFileReference; lastKnownFileType = sourcecode.swift; path = "InterfaceOrientation-extension.swift"; sourceTree = "<group>"; };
/* End PBXFileReference section */

/* Begin PBXFrameworksBuildPhase section */
		CF021C2E283BCE2300C2D596 /* Frameworks */ = {
			isa = PBXFrameworksBuildPhase;
			buildActionMask = 2147483647;
			files = (
			);
			runOnlyForDeploymentPostprocessing = 0;
		};
/* End PBXFrameworksBuildPhase section */

/* Begin PBXGroup section */
		CF021C28283BCE2300C2D596 = {
			isa = PBXGroup;
			children = (
				CF021C33283BCE2300C2D596 /* RotationMatchingOrientation */,
				CF021C32283BCE2300C2D596 /* Products */,
			);
			sourceTree = "<group>";
		};
		CF021C32283BCE2300C2D596 /* Products */ = {
			isa = PBXGroup;
			children = (
				CF021C31283BCE2300C2D596 /* RotationMatchingOrientation.app */,
			);
			name = Products;
			sourceTree = "<group>";
		};
		CF021C33283BCE2300C2D596 /* RotationMatchingOrientation */ = {
			isa = PBXGroup;
			children = (
				CF021C34283BCE2300C2D596 /* RotationMatchingOrientationApp.swift */,
				CF021C36283BCE2300C2D596 /* ContentView.swift */,
				CF021C42283BCE3300C2D596 /* Source */,
				CF021C49283BCE4300C2D596 /* RotationMatchingOrientationExample.swift */,
				CF021C38283BCE2400C2D596 /* Assets.xcassets */,
				CF021C3A283BCE2400C2D596 /* Preview Content */,
			);
			path = RotationMatchingOrientation;
			sourceTree = "<group>";
		};
		CF021C3A283BCE2400C2D596 /* Preview Content */ = {
			isa = PBXGroup;
			children = (
				CF021C3B283BCE2400C2D596 /* Preview Assets.xcassets */,
			);
			path = "Preview Content";
			sourceTree = "<group>";
		};
		CF021C42283BCE3300C2D596 /* Source */ = {
			isa = PBXGroup;
			children = (
				CF021C43283BCE3300C2D596 /* UIDeviceOrientation-extension.swift */,
				CF021C4B283BDA3800C2D596 /* InterfaceOrientation-extension.swift */,
				CF021C44283BCE3300C2D596 /* RotationMatchingOrientationViewModifier.swift */,
				CF021C45283BCE3300C2D596 /* InfoDictionary.swift */,
			);
			path = Source;
			sourceTree = "<group>";
		};
/* End PBXGroup section */

/* Begin PBXNativeTarget section */
		CF021C30283BCE2300C2D596 /* RotationMatchingOrientation */ = {
			isa = PBXNativeTarget;
			buildConfigurationList = CF021C3F283BCE2400C2D596 /* Build configuration list for PBXNativeTarget "RotationMatchingOrientation" */;
			buildPhases = (
				CF021C2D283BCE2300C2D596 /* Sources */,
				CF021C2E283BCE2300C2D596 /* Frameworks */,
				CF021C2F283BCE2300C2D596 /* Resources */,
			);
			buildRules = (
			);
			dependencies = (
			);
			name = RotationMatchingOrientation;
			productName = RotationMatchingOrientation;
			productReference = CF021C31283BCE2300C2D596 /* RotationMatchingOrientation.app */;
			productType = "com.apple.product-type.application";
		};
/* End PBXNativeTarget section */

/* Begin PBXProject section */
		CF021C29283BCE2300C2D596 /* Project object */ = {
			isa = PBXProject;
			attributes = {
				BuildIndependentTargetsInParallel = 1;
				LastSwiftUpdateCheck = 1340;
				LastUpgradeCheck = 1340;
				TargetAttributes = {
					CF021C30283BCE2300C2D596 = {
						CreatedOnToolsVersion = 13.4;
					};
				};
			};
			buildConfigurationList = CF021C2C283BCE2300C2D596 /* Build configuration list for PBXProject "RotationMatchingOrientation" */;
			compatibilityVersion = "Xcode 13.0";
			developmentRegion = en;
			hasScannedForEncodings = 0;
			knownRegions = (
				en,
				Base,
			);
			mainGroup = CF021C28283BCE2300C2D596;
			productRefGroup = CF021C32283BCE2300C2D596 /* Products */;
			projectDirPath = "";
			projectRoot = "";
			targets = (
				CF021C30283BCE2300C2D596 /* RotationMatchingOrientation */,
			);
		};
/* End PBXProject section */

/* Begin PBXResourcesBuildPhase section */
		CF021C2F283BCE2300C2D596 /* Resources */ = {
			isa = PBXResourcesBuildPhase;
			buildActionMask = 2147483647;
			files = (
				CF021C3C283BCE2400C2D596 /* Preview Assets.xcassets in Resources */,
				CF021C39283BCE2400C2D596 /* Assets.xcassets in Resources */,
			);
			runOnlyForDeploymentPostprocessing = 0;
		};
/* End PBXResourcesBuildPhase section */

/* Begin PBXSourcesBuildPhase section */
		CF021C2D283BCE2300C2D596 /* Sources */ = {
			isa = PBXSourcesBuildPhase;
			buildActionMask = 2147483647;
			files = (
				CF021C4A283BCE4300C2D596 /* RotationMatchingOrientationExample.swift in Sources */,
				CF021C46283BCE3300C2D596 /* UIDeviceOrientation-extension.swift in Sources */,
				CF021C4C283BDA3800C2D596 /* InterfaceOrientation-extension.swift in Sources */,
				CF021C47283BCE3300C2D596 /* RotationMatchingOrientationViewModifier.swift in Sources */,
				CF021C48283BCE3300C2D596 /* InfoDictionary.swift in Sources */,
				CF021C37283BCE2300C2D596 /* ContentView.swift in Sources */,
				CF021C35283BCE2300C2D596 /* RotationMatchingOrientationApp.swift in Sources */,
			);
			runOnlyForDeploymentPostprocessing = 0;
		};
/* End PBXSourcesBuildPhase section */

/* Begin XCBuildConfiguration section */
		CF021C3D283BCE2400C2D596 /* Debug */ = {
			isa = XCBuildConfiguration;
			buildSettings = {
				ALWAYS_SEARCH_USER_PATHS = NO;
				CLANG_ANALYZER_NONNULL = YES;
				CLANG_ANALYZER_NUMBER_OBJECT_CONVERSION = YES_AGGRESSIVE;
				CLANG_CXX_LANGUAGE_STANDARD = "gnu++17";
				CLANG_ENABLE_MODULES = YES;
				CLANG_ENABLE_OBJC_ARC = YES;
				CLANG_ENABLE_OBJC_WEAK = YES;
				CLANG_WARN_BLOCK_CAPTURE_AUTORELEASING = YES;
				CLANG_WARN_BOOL_CONVERSION = YES;
				CLANG_WARN_COMMA = YES;
				CLANG_WARN_CONSTANT_CONVERSION = YES;
				CLANG_WARN_DEPRECATED_OBJC_IMPLEMENTATIONS = YES;
				CLANG_WARN_DIRECT_OBJC_ISA_USAGE = YES_ERROR;
				CLANG_WARN_DOCUMENTATION_COMMENTS = YES;
				CLANG_WARN_EMPTY_BODY = YES;
				CLANG_WARN_ENUM_CONVERSION = YES;
				CLANG_WARN_INFINITE_RECURSION = YES;
				CLANG_WARN_INT_CONVERSION = YES;
				CLANG_WARN_NON_LITERAL_NULL_CONVERSION = YES;
				CLANG_WARN_OBJC_IMPLICIT_RETAIN_SELF = YES;
				CLANG_WARN_OBJC_LITERAL_CONVERSION = YES;
				CLANG_WARN_OBJC_ROOT_CLASS = YES_ERROR;
				CLANG_WARN_QUOTED_INCLUDE_IN_FRAMEWORK_HEADER = YES;
				CLANG_WARN_RANGE_LOOP_ANALYSIS = YES;
				CLANG_WARN_STRICT_PROTOTYPES = YES;
				CLANG_WARN_SUSPICIOUS_MOVE = YES;
				CLANG_WARN_UNGUARDED_AVAILABILITY = YES_AGGRESSIVE;
				CLANG_WARN_UNREACHABLE_CODE = YES;
				CLANG_WARN__DUPLICATE_METHOD_MATCH = YES;
				COPY_PHASE_STRIP = NO;
				DEBUG_INFORMATION_FORMAT = dwarf;
				ENABLE_STRICT_OBJC_MSGSEND = YES;
				ENABLE_TESTABILITY = YES;
				GCC_C_LANGUAGE_STANDARD = gnu11;
				GCC_DYNAMIC_NO_PIC = NO;
				GCC_NO_COMMON_BLOCKS = YES;
				GCC_OPTIMIZATION_LEVEL = 0;
				GCC_PREPROCESSOR_DEFINITIONS = (
					"DEBUG=1",
					"$(inherited)",
				);
				GCC_WARN_64_TO_32_BIT_CONVERSION = YES;
				GCC_WARN_ABOUT_RETURN_TYPE = YES_ERROR;
				GCC_WARN_UNDECLARED_SELECTOR = YES;
				GCC_WARN_UNINITIALIZED_AUTOS = YES_AGGRESSIVE;
				GCC_WARN_UNUSED_FUNCTION = YES;
				GCC_WARN_UNUSED_VARIABLE = YES;
				IPHONEOS_DEPLOYMENT_TARGET = 15.5;
				MTL_ENABLE_DEBUG_INFO = INCLUDE_SOURCE;
				MTL_FAST_MATH = YES;
				ONLY_ACTIVE_ARCH = YES;
				SDKROOT = iphoneos;
				SWIFT_ACTIVE_COMPILATION_CONDITIONS = DEBUG;
				SWIFT_OPTIMIZATION_LEVEL = "-Onone";
			};
			name = Debug;
		};
		CF021C3E283BCE2400C2D596 /* Release */ = {
			isa = XCBuildConfiguration;
			buildSettings = {
				ALWAYS_SEARCH_USER_PATHS = NO;
				CLANG_ANALYZER_NONNULL = YES;
				CLANG_ANALYZER_NUMBER_OBJECT_CONVERSION = YES_AGGRESSIVE;
				CLANG_CXX_LANGUAGE_STANDARD = "gnu++17";
				CLANG_ENABLE_MODULES = YES;
				CLANG_ENABLE_OBJC_ARC = YES;
				CLANG_ENABLE_OBJC_WEAK = YES;
				CLANG_WARN_BLOCK_CAPTURE_AUTORELEASING = YES;
				CLANG_WARN_BOOL_CONVERSION = YES;
				CLANG_WARN_COMMA = YES;
				CLANG_WARN_CONSTANT_CONVERSION = YES;
				CLANG_WARN_DEPRECATED_OBJC_IMPLEMENTATIONS = YES;
				CLANG_WARN_DIRECT_OBJC_ISA_USAGE = YES_ERROR;
				CLANG_WARN_DOCUMENTATION_COMMENTS = YES;
				CLANG_WARN_EMPTY_BODY = YES;
				CLANG_WARN_ENUM_CONVERSION = YES;
				CLANG_WARN_INFINITE_RECURSION = YES;
				CLANG_WARN_INT_CONVERSION = YES;
				CLANG_WARN_NON_LITERAL_NULL_CONVERSION = YES;
				CLANG_WARN_OBJC_IMPLICIT_RETAIN_SELF = YES;
				CLANG_WARN_OBJC_LITERAL_CONVERSION = YES;
				CLANG_WARN_OBJC_ROOT_CLASS = YES_ERROR;
				CLANG_WARN_QUOTED_INCLUDE_IN_FRAMEWORK_HEADER = YES;
				CLANG_WARN_RANGE_LOOP_ANALYSIS = YES;
				CLANG_WARN_STRICT_PROTOTYPES = YES;
				CLANG_WARN_SUSPICIOUS_MOVE = YES;
				CLANG_WARN_UNGUARDED_AVAILABILITY = YES_AGGRESSIVE;
				CLANG_WARN_UNREACHABLE_CODE = YES;
				CLANG_WARN__DUPLICATE_METHOD_MATCH = YES;
				COPY_PHASE_STRIP = NO;
				DEBUG_INFORMATION_FORMAT = "dwarf-with-dsym";
				ENABLE_NS_ASSERTIONS = NO;
				ENABLE_STRICT_OBJC_MSGSEND = YES;
				GCC_C_LANGUAGE_STANDARD = gnu11;
				GCC_NO_COMMON_BLOCKS = YES;
				GCC_WARN_64_TO_32_BIT_CONVERSION = YES;
				GCC_WARN_ABOUT_RETURN_TYPE = YES_ERROR;
				GCC_WARN_UNDECLARED_SELECTOR = YES;
				GCC_WARN_UNINITIALIZED_AUTOS = YES_AGGRESSIVE;
				GCC_WARN_UNUSED_FUNCTION = YES;
				GCC_WARN_UNUSED_VARIABLE = YES;
				IPHONEOS_DEPLOYMENT_TARGET = 15.5;
				MTL_ENABLE_DEBUG_INFO = NO;
				MTL_FAST_MATH = YES;
				SDKROOT = iphoneos;
				SWIFT_COMPILATION_MODE = wholemodule;
				SWIFT_OPTIMIZATION_LEVEL = "-O";
				VALIDATE_PRODUCT = YES;
			};
			name = Release;
		};
		CF021C40283BCE2400C2D596 /* Debug */ = {
			isa = XCBuildConfiguration;
			buildSettings = {
				ASSETCATALOG_COMPILER_APPICON_NAME = AppIcon;
				ASSETCATALOG_COMPILER_GLOBAL_ACCENT_COLOR_NAME = AccentColor;
				CODE_SIGN_STYLE = Automatic;
				CURRENT_PROJECT_VERSION = 1;
				DEVELOPMENT_ASSET_PATHS = "\"RotationMatchingOrientation/Preview Content\"";
				DEVELOPMENT_TEAM = 97423JQ8B9;
				ENABLE_PREVIEWS = YES;
				GENERATE_INFOPLIST_FILE = YES;
				INFOPLIST_KEY_UIApplicationSceneManifest_Generation = YES;
				INFOPLIST_KEY_UIApplicationSupportsIndirectInputEvents = YES;
				INFOPLIST_KEY_UILaunchScreen_Generation = YES;
				INFOPLIST_KEY_UISupportedInterfaceOrientations = UIInterfaceOrientationPortrait;
				INFOPLIST_KEY_UISupportedInterfaceOrientations_iPad = "UIInterfaceOrientationPortrait UIInterfaceOrientationPortraitUpsideDown UIInterfaceOrientationLandscapeLeft UIInterfaceOrientationLandscapeRight";
				INFOPLIST_KEY_UISupportedInterfaceOrientations_iPhone = "UIInterfaceOrientationPortrait UIInterfaceOrientationLandscapeRight";
				LD_RUNPATH_SEARCH_PATHS = (
					"$(inherited)",
					"@executable_path/Frameworks",
				);
				MARKETING_VERSION = 1.0;
				PRODUCT_BUNDLE_IDENTIFIER = com.abetterwaytodo.RotationMatchingOrientation;
				PRODUCT_NAME = "$(TARGET_NAME)";
				SWIFT_EMIT_LOC_STRINGS = YES;
				SWIFT_VERSION = 5.0;
				TARGETED_DEVICE_FAMILY = "1,2";
			};
			name = Debug;
		};
		CF021C41283BCE2400C2D596 /* Release */ = {
			isa = XCBuildConfiguration;
			buildSettings = {
				ASSETCATALOG_COMPILER_APPICON_NAME = AppIcon;
				ASSETCATALOG_COMPILER_GLOBAL_ACCENT_COLOR_NAME = AccentColor;
				CODE_SIGN_STYLE = Automatic;
				CURRENT_PROJECT_VERSION = 1;
				DEVELOPMENT_ASSET_PATHS = "\"RotationMatchingOrientation/Preview Content\"";
				DEVELOPMENT_TEAM = 97423JQ8B9;
				ENABLE_PREVIEWS = YES;
				GENERATE_INFOPLIST_FILE = YES;
				INFOPLIST_KEY_UIApplicationSceneManifest_Generation = YES;
				INFOPLIST_KEY_UIApplicationSupportsIndirectInputEvents = YES;
				INFOPLIST_KEY_UILaunchScreen_Generation = YES;
				INFOPLIST_KEY_UISupportedInterfaceOrientations = UIInterfaceOrientationPortrait;
				INFOPLIST_KEY_UISupportedInterfaceOrientations_iPad = "UIInterfaceOrientationPortrait UIInterfaceOrientationPortraitUpsideDown UIInterfaceOrientationLandscapeLeft UIInterfaceOrientationLandscapeRight";
				INFOPLIST_KEY_UISupportedInterfaceOrientations_iPhone = "UIInterfaceOrientationPortrait UIInterfaceOrientationLandscapeRight";
				LD_RUNPATH_SEARCH_PATHS = (
					"$(inherited)",
					"@executable_path/Frameworks",
				);
				MARKETING_VERSION = 1.0;
				PRODUCT_BUNDLE_IDENTIFIER = com.abetterwaytodo.RotationMatchingOrientation;
				PRODUCT_NAME = "$(TARGET_NAME)";
				SWIFT_EMIT_LOC_STRINGS = YES;
				SWIFT_VERSION = 5.0;
				TARGETED_DEVICE_FAMILY = "1,2";
			};
			name = Release;
		};
/* End XCBuildConfiguration section */

/* Begin XCConfigurationList section */
		CF021C2C283BCE2300C2D596 /* Build configuration list for PBXProject "RotationMatchingOrientation" */ = {
			isa = XCConfigurationList;
			buildConfigurations = (
				CF021C3D283BCE2400C2D596 /* Debug */,
				CF021C3E283BCE2400C2D596 /* Release */,
			);
			defaultConfigurationIsVisible = 0;
			defaultConfigurationName = Release;
		};
		CF021C3F283BCE2400C2D596 /* Build configuration list for PBXNativeTarget "RotationMatchingOrientation" */ = {
			isa = XCConfigurationList;
			buildConfigurations = (
				CF021C40283BCE2400C2D596 /* Debug */,
				CF021C41283BCE2400C2D596 /* Release */,
			);
			defaultConfigurationIsVisible = 0;
			defaultConfigurationName = Release;
		};
/* End XCConfigurationList section */
	};
	rootObject = CF021C29283BCE2300C2D596 /* Project object */;
}
